
Microsoft Visual Studio Solution File, Format Version 12.00
# Visual Studio Version 17
VisualStudioVersion = 17.14.36705.20 d17.14
MinimumVisualStudioVersion = 10.0.40219.1
Project("{FAE04EC0-301F-11D3-BF4B-00C04F79EFBC}") = "SystemMadruga", "SystemMadruga\SystemMadruga.csproj", "{EC675E31-635D-40AB-A621-18126CC13E0A}"
EndProject
Global
	GlobalSection(SolutionConfigurationPlatforms) = preSolution
		Debug|Any CPU = Debug|Any CPU
		Release|Any CPU = Release|Any CPU
	EndGlobalSection
	GlobalSection(ProjectConfigurationPlatforms) = postSolution
		{EC675E31-635D-40AB-A621-18126CC13E0A}.Debug|Any CPU.ActiveCfg = Debug|Any CPU
		{EC675E31-635D-40AB-A621-18126CC13E0A}.Debug|Any CPU.Build.0 = Debug|Any CPU
		{EC675E31-635D-40AB-A621-18126CC13E0A}.Release|Any CPU.ActiveCfg = Release|Any CPU
		{EC675E31-635D-40AB-A621-18126CC13E0A}.Release|Any CPU.Build.0 = Release|Any CPU
	EndGlobalSection
	GlobalSection(SolutionProperties) = preSolution
		HideSolutionNode = FALSE
	EndGlobalSection
	GlobalSection(ExtensibilityGlobals) = postSolution
		SolutionGuid = {4C409136-2503-4BCE-9D7A-95FE56E2C71B}
	EndGlobalSection
EndGlobal
